
Microsoft Visual Studio Solution File, Format Version 12.00
# Visual Studio Version 17
VisualStudioVersion = 17.14.36429.23 d17.14
MinimumVisualStudioVersion = 10.0.40219.1
Project("{FAE04EC0-301F-11D3-BF4B-00C04F79EFBC}") = "ConsoleApp8", "ConsoleApp8.csproj", "{E4E21BF4-1975-4B9F-9D78-1EC4C2F57BBD}"
EndProject
Global
	GlobalSection(SolutionConfigurationPlatforms) = preSolution
		Debug|Any CPU = Debug|Any CPU
		Release|Any CPU = Release|Any CPU
	EndGlobalSection
	GlobalSection(ProjectConfigurationPlatforms) = postSolution
		{E4E21BF4-1975-4B9F-9D78-1EC4C2F57BBD}.Debug|Any CPU.ActiveCfg = Debug|Any CPU
		{E4E21BF4-1975-4B9F-9D78-1EC4C2F57BBD}.Debug|Any CPU.Build.0 = Debug|Any CPU
		{E4E21BF4-1975-4B9F-9D78-1EC4C2F57BBD}.Release|Any CPU.ActiveCfg = Release|Any CPU
		{E4E21BF4-1975-4B9F-9D78-1EC4C2F57BBD}.Release|Any CPU.Build.0 = Release|Any CPU
	EndGlobalSection
	GlobalSection(SolutionProperties) = preSolution
		HideSolutionNode = FALSE
	EndGlobalSection
	GlobalSection(ExtensibilityGlobals) = postSolution
		SolutionGuid = {1794D48A-EB46-402A-895E-9471349939A5}
	EndGlobalSection
EndGlobal
